dependencies:
- name: mysql
  repository: https://charts.bitnami.com/bitnami
  version: 14.0.3
- name: redis
  repository: https://charts.bitnami.com/bitnami
  version: 25.3.7
digest: sha256:d760124bd4cc4f2928b998e43ca9024ee81a139233b962b2228c40917194deed
generated: "2026-03-22T14:32:07.427203+01:00"
